
Microsoft Visual Studio Solution File, Format Version 12.00
# Visual Studio Version 17
VisualStudioVersion = 17.8.34330.188
MinimumVisualStudioVersion = 10.0.40219.1
Project("{9A19103F-16F7-4668-BE54-9A1E7A4F7556}") = "project.Entities", "project.entities\project.Entities.csproj", "{BD6F5D6D-3881-40D9-88D1-92D778E64530}"
EndProject
Project("{9A19103F-16F7-4668-BE54-9A1E7A4F7556}") = "project.MAP", "project.MAP\project.MAP.csproj", "{8F4A08D9-B273-43AD-BB05-E0D0D41AD6DB}"
EndProject
Project("{9A19103F-16F7-4668-BE54-9A1E7A4F7556}") = "project.DAL", "project.DAL\project.DAL.csproj", "{29E97A2C-BF96-4E41-9D93-E46F19EBF170}"
EndProject
Project("{9A19103F-16F7-4668-BE54-9A1E7A4F7556}") = "project.BLL", "project.BLL\project.BLL.csproj", "{C9092159-81CC-49BE-9894-07153D3FBA48}"
EndProject
Project("{FAE04EC0-301F-11D3-BF4B-00C04F79EFBC}") = "project.UI", "project.UI\project.UI.csproj", "{B7E1425D-5C7E-4BD9-9F65-73E5320A29F5}"
EndProject
Global
	GlobalSection(SolutionConfigurationPlatforms) = preSolution
		Debug|Any CPU = Debug|Any CPU
		Release|Any CPU = Release|Any CPU
	EndGlobalSection
	GlobalSection(ProjectConfigurationPlatforms) = postSolution
		{BD6F5D6D-3881-40D9-88D1-92D778E64530}.Debug|Any CPU.ActiveCfg = Debug|Any CPU
		{BD6F5D6D-3881-40D9-88D1-92D778E64530}.Debug|Any CPU.Build.0 = Debug|Any CPU
		{BD6F5D6D-3881-40D9-88D1-92D778E64530}.Release|Any CPU.ActiveCfg = Release|Any CPU
		{BD6F5D6D-3881-40D9-88D1-92D778E64530}.Release|Any CPU.Build.0 = Release|Any CPU
		{8F4A08D9-B273-43AD-BB05-E0D0D41AD6DB}.Debug|Any CPU.ActiveCfg = Debug|Any CPU
		{8F4A08D9-B273-43AD-BB05-E0D0D41AD6DB}.Debug|Any CPU.Build.0 = Debug|Any CPU
		{8F4A08D9-B273-43AD-BB05-E0D0D41AD6DB}.Release|Any CPU.ActiveCfg = Release|Any CPU
		{8F4A08D9-B273-43AD-BB05-E0D0D41AD6DB}.Release|Any CPU.Build.0 = Release|Any CPU
		{29E97A2C-BF96-4E41-9D93-E46F19EBF170}.Debug|Any CPU.ActiveCfg = Debug|Any CPU
		{29E97A2C-BF96-4E41-9D93-E46F19EBF170}.Debug|Any CPU.Build.0 = Debug|Any CPU
		{29E97A2C-BF96-4E41-9D93-E46F19EBF170}.Release|Any CPU.ActiveCfg = Release|Any CPU
		{29E97A2C-BF96-4E41-9D93-E46F19EBF170}.Release|Any CPU.Build.0 = Release|Any CPU
		{C9092159-81CC-49BE-9894-07153D3FBA48}.Debug|Any CPU.ActiveCfg = Debug|Any CPU
		{C9092159-81CC-49BE-9894-07153D3FBA48}.Debug|Any CPU.Build.0 = Debug|Any CPU
		{C9092159-81CC-49BE-9894-07153D3FBA48}.Release|Any CPU.ActiveCfg = Release|Any CPU
		{C9092159-81CC-49BE-9894-07153D3FBA48}.Release|Any CPU.Build.0 = Release|Any CPU
		{B7E1425D-5C7E-4BD9-9F65-73E5320A29F5}.Debug|Any CPU.ActiveCfg = Debug|Any CPU
		{B7E1425D-5C7E-4BD9-9F65-73E5320A29F5}.Debug|Any CPU.Build.0 = Debug|Any CPU
		{B7E1425D-5C7E-4BD9-9F65-73E5320A29F5}.Release|Any CPU.ActiveCfg = Release|Any CPU
		{B7E1425D-5C7E-4BD9-9F65-73E5320A29F5}.Release|Any CPU.Build.0 = Release|Any CPU
	EndGlobalSection
	GlobalSection(SolutionProperties) = preSolution
		HideSolutionNode = FALSE
	EndGlobalSection
	GlobalSection(ExtensibilityGlobals) = postSolution
		SolutionGuid = {D55FBA94-9831-49F3-8648-BE1BD6AB096F}
	EndGlobalSection
EndGlobal
